
Microsoft Visual Studio Solution File, Format Version 12.00
# Visual Studio Version 17
VisualStudioVersion = 17.5.33414.496
MinimumVisualStudioVersion = 10.0.40219.1
Project("{FAE04EC0-301F-11D3-BF4B-00C04F79EFBC}") = "BulkyBookWeb", "BulkyBookWeb\BulkyBookWeb.csproj", "{73C06AE5-7D0C-4694-B637-4B13143FD3E3}"
EndProject
Global
	GlobalSection(SolutionConfigurationPlatforms) = preSolution
		Debug|Any CPU = Debug|Any CPU
		Release|Any CPU = Release|Any CPU
	EndGlobalSection
	GlobalSection(ProjectConfigurationPlatforms) = postSolution
		{73C06AE5-7D0C-4694-B637-4B13143FD3E3}.Debug|Any CPU.ActiveCfg = Debug|Any CPU
		{73C06AE5-7D0C-4694-B637-4B13143FD3E3}.Debug|Any CPU.Build.0 = Debug|Any CPU
		{73C06AE5-7D0C-4694-B637-4B13143FD3E3}.Release|Any CPU.ActiveCfg = Release|Any CPU
		{73C06AE5-7D0C-4694-B637-4B13143FD3E3}.Release|Any CPU.Build.0 = Release|Any CPU
	EndGlobalSection
	GlobalSection(SolutionProperties) = preSolution
		HideSolutionNode = FALSE
	EndGlobalSection
	GlobalSection(ExtensibilityGlobals) = postSolution
		SolutionGuid = {39F6F7EA-9FB2-4ACF-B41B-18A07083E6E1}
	EndGlobalSection
EndGlobal
